// !$*UTF8*$!
{
	archiveVersion = 1;
	classes = {
	};
	objectVersion = 46;
	objects = {

/* Begin PBXBuildFile section */
		6828A60A218F4EC700E47DB9 /* AppDelegate.swift in Sources */ = {isa = PBXBuildFile; fileRef = 6828A609218F4EC700E47DB9 /* AppDelegate.swift */; };
		6828A60C218F4EC700E47DB9 /* ViewController.swift in Sources */ = {isa = PBXBuildFile; fileRef = 6828A60B218F4EC700E47DB9 /* ViewController.swift */; };
		6828A60F218F4EC700E47DB9 /* Main.storyboard in Resources */ = {isa = PBXBuildFile; fileRef = 6828A60D218F4EC700E47DB9 /* Main.storyboard */; };
		6828A611218F4EC700E47DB9 /* Assets.xcassets in Resources */ = {isa = PBXBuildFile; fileRef = 6828A610218F4EC700E47DB9 /* Assets.xcassets */; };
		6828A614218F4EC700E47DB9 /* LaunchScreen.storyboard in Resources */ = {isa = PBXBuildFile; fileRef = 6828A612218F4EC700E47DB9 /* LaunchScreen.storyboard */; };
		6828A61D218F60D700E47DB9 /* CaltrainStation.swift in Sources */ = {isa = PBXBuildFile; fileRef = 6828A61C218F60D700E47DB9 /* CaltrainStation.swift */; };
		80A8320CCD216CF6EAD82E0B /* Pods_CaltrainHelper.framework in Frameworks */ = {isa = PBXBuildFile; fileRef = 28D2D1913891858C5CA6A890 /* Pods_CaltrainHelper.framework */; };
/* End PBXBuildFile section */

/* Begin PBXFileReference section */
		18A4E5FF0894C55A32A0AA43 /* Pods-CaltrainHelper.debug.xcconfig */ = {isa = PBXFileReference; includeInIndex = 1; lastKnownFileType = text.xcconfig; name = "Pods-CaltrainHelper.debug.xcconfig"; path = "Pods/Target Support Files/Pods-CaltrainHelper/Pods-CaltrainHelper.debug.xcconfig"; sourceTree = "<group>"; };
		28D2D1913891858C5CA6A890 /* Pods_CaltrainHelper.framework */ = {isa = PBXFileReference; explicitFileType = wrapper.framework; includeInIndex = 0; path = Pods_CaltrainHelper.framework; sourceTree = BUILT_PRODUCTS_DIR; };
		6828A606218F4EC600E47DB9 /* CaltrainHelper.app */ = {isa = PBXFileReference; explicitFileType = wrapper.application; includeInIndex = 0; path = CaltrainHelper.app; sourceTree = BUILT_PRODUCTS_DIR; };
		6828A609218F4EC700E47DB9 /* AppDelegate.swift */ = {isa = PBXFileReference; lastKnownFileType = sourcecode.swift; path = AppDelegate.swift; sourceTree = "<group>"; };
		6828A60B218F4EC700E47DB9 /* ViewController.swift */ = {isa = PBXFileReference; lastKnownFileType = sourcecode.swift; path = ViewController.swift; sourceTree = "<group>"; };
		6828A60E218F4EC700E47DB9 /* Base */ = {isa = PBXFileReference; lastKnownFileType = file.storyboard; name = Base; path = Base.lproj/Main.storyboard; sourceTree = "<group>"; };
		6828A610218F4EC700E47DB9 /* Assets.xcassets */ = {isa = PBXFileReference; lastKnownFileType = folder.assetcatalog; path = Assets.xcassets; sourceTree = "<group>"; };
		6828A613218F4EC700E47DB9 /* Base */ = {isa = PBXFileReference; lastKnownFileType = file.storyboard; name = Base; path = Base.lproj/LaunchScreen.storyboard; sourceTree = "<group>"; };
		6828A615218F4EC700E47DB9 /* Info.plist */ = {isa = PBXFileReference; lastKnownFileType = text.plist.xml; path = Info.plist; sourceTree = "<group>"; };
		6828A61C218F60D700E47DB9 /* CaltrainStation.swift */ = {isa = PBXFileReference; fileEncoding = 4; lastKnownFileType = sourcecode.swift; path = CaltrainStation.swift; sourceTree = "<group>"; };
		77EDDEB4DD4FAE2D8F5FB53E /* Pods-CaltrainHelper.release.xcconfig */ = {isa = PBXFileReference; includeInIndex = 1; lastKnownFileType = text.xcconfig; name = "Pods-CaltrainHelper.release.xcconfig"; path = "Pods/Target Support Files/Pods-CaltrainHelper/Pods-CaltrainHelper.release.xcconfig"; sourceTree = "<group>"; };
/* End PBXFileReference section */

/* Begin PBXFrameworksBuildPhase section */
		6828A603218F4EC600E47DB9 /* Frameworks */ = {
			isa = PBXFrameworksBuildPhase;
			buildActionMask = 2147483647;
			files = (
				80A8320CCD216CF6EAD82E0B /* Pods_CaltrainHelper.framework in Frameworks */,
			);
			runOnlyForDeploymentPostprocessing = 0;
		};
/* End PBXFrameworksBuildPhase section */

/* Begin PBXGroup section */
		136EFC8981D2A37E35DB5073 /* Frameworks */ = {
			isa = PBXGroup;
			children = (
				28D2D1913891858C5CA6A890 /* Pods_CaltrainHelper.framework */,
			);
			name = Frameworks;
			sourceTree = "<group>";
		};
		6828A5FD218F4EC600E47DB9 = {
			isa = PBXGroup;
			children = (
				6828A608218F4EC600E47DB9 /* CaltrainHelper */,
				6828A607218F4EC600E47DB9 /* Products */,
				966B60B8F04B7765A697B426 /* Pods */,
				136EFC8981D2A37E35DB5073 /* Frameworks */,
			);
			sourceTree = "<group>";
		};
		6828A607218F4EC600E47DB9 /* Products */ = {
			isa = PBXGroup;
			children = (
				6828A606218F4EC600E47DB9 /* CaltrainHelper.app */,
			);
			name = Products;
			sourceTree = "<group>";
		};
		6828A608218F4EC600E47DB9 /* CaltrainHelper */ = {
			isa = PBXGroup;
			children = (
				6828A61B218F60AA00E47DB9 /* Models */,
				6828A609218F4EC700E47DB9 /* AppDelegate.swift */,
				6828A60B218F4EC700E47DB9 /* ViewController.swift */,
				6828A60D218F4EC700E47DB9 /* Main.storyboard */,
				6828A610218F4EC700E47DB9 /* Assets.xcassets */,
				6828A612218F4EC700E47DB9 /* LaunchScreen.storyboard */,
				6828A615218F4EC700E47DB9 /* Info.plist */,
			);
			path = CaltrainHelper;
			sourceTree = "<group>";
		};
		6828A61B218F60AA00E47DB9 /* Models */ = {
			isa = PBXGroup;
			children = (
				6828A61C218F60D700E47DB9 /* CaltrainStation.swift */,
			);
			name = Models;
			sourceTree = "<group>";
		};
		966B60B8F04B7765A697B426 /* Pods */ = {
			isa = PBXGroup;
			children = (
				18A4E5FF0894C55A32A0AA43 /* Pods-CaltrainHelper.debug.xcconfig */,
				77EDDEB4DD4FAE2D8F5FB53E /* Pods-CaltrainHelper.release.xcconfig */,
			);
			name = Pods;
			sourceTree = "<group>";
		};
/* End PBXGroup section */

/* Begin PBXNativeTarget section */
		6828A605218F4EC600E47DB9 /* CaltrainHelper */ = {
			isa = PBXNativeTarget;
			buildConfigurationList = 6828A618218F4EC700E47DB9 /* Build configuration list for PBXNativeTarget "CaltrainHelper" */;
			buildPhases = (
				1E1AA472581EC80C2606DE70 /* [CP] Check Pods Manifest.lock */,
				6828A602218F4EC600E47DB9 /* Sources */,
				6828A603218F4EC600E47DB9 /* Frameworks */,
				6828A604218F4EC600E47DB9 /* Resources */,
				EF4CBAE8F5B70F91D2995451 /* [CP] Embed Pods Frameworks */,
			);
			buildRules = (
			);
			dependencies = (
			);
			name = CaltrainHelper;
			productName = CaltrainHelper;
			productReference = 6828A606218F4EC600E47DB9 /* CaltrainHelper.app */;
			productType = "com.apple.product-type.application";
		};
/* End PBXNativeTarget section */

/* Begin PBXProject section */
		6828A5FE218F4EC600E47DB9 /* Project object */ = {
			isa = PBXProject;
			attributes = {
				LastSwiftUpdateCheck = 0800;
				LastUpgradeCheck = 0800;
				ORGANIZATIONNAME = "Jiaqi Chen";
				TargetAttributes = {
					6828A605218F4EC600E47DB9 = {
						CreatedOnToolsVersion = 8.0;
						DevelopmentTeam = C9MB2KE645;
						ProvisioningStyle = Automatic;
					};
				};
			};
			buildConfigurationList = 6828A601218F4EC600E47DB9 /* Build configuration list for PBXProject "CaltrainHelper" */;
			compatibilityVersion = "Xcode 3.2";
			developmentRegion = English;
			hasScannedForEncodings = 0;
			knownRegions = (
				en,
				Base,
			);
			mainGroup = 6828A5FD218F4EC600E47DB9;
			productRefGroup = 6828A607218F4EC600E47DB9 /* Products */;
			projectDirPath = "";
			projectRoot = "";
			targets = (
				6828A605218F4EC600E47DB9 /* CaltrainHelper */,
			);
		};
/* End PBXProject section */

/* Begin PBXResourcesBuildPhase section */
		6828A604218F4EC600E47DB9 /* Resources */ = {
			isa = PBXResourcesBuildPhase;
			buildActionMask = 2147483647;
			files = (
				6828A614218F4EC700E47DB9 /* LaunchScreen.storyboard in Resources */,
				6828A611218F4EC700E47DB9 /* Assets.xcassets in Resources */,
				6828A60F218F4EC700E47DB9 /* Main.storyboard in Resources */,
			);
			runOnlyForDeploymentPostprocessing = 0;
		};
/* End PBXResourcesBuildPhase section */

/* Begin PBXShellScriptBuildPhase section */
		1E1AA472581EC80C2606DE70 /* [CP] Check Pods Manifest.lock */ = {
			isa = PBXShellScriptBuildPhase;
			buildActionMask = 2147483647;
			files = (
			);
			inputPaths = (
				"${PODS_PODFILE_DIR_PATH}/Podfile.lock",
				"${PODS_ROOT}/Manifest.lock",
			);
			name = "[CP] Check Pods Manifest.lock";
			outputPaths = (
				"$(DERIVED_FILE_DIR)/Pods-CaltrainHelper-checkManifestLockResult.txt",
			);
			runOnlyForDeploymentPostprocessing = 0;
			shellPath = /bin/sh;
			shellScript = "diff \"${PODS_PODFILE_DIR_PATH}/Podfile.lock\" \"${PODS_ROOT}/Manifest.lock\" > /dev/null\nif [ $? != 0 ] ; then\n    # print error to STDERR\n    echo \"error: The sandbox is not in sync with the Podfile.lock. Run 'pod install' or update your CocoaPods installation.\" >&2\n    exit 1\nfi\n# This output is used by Xcode 'outputs' to avoid re-running this script phase.\necho \"SUCCESS\" > \"${SCRIPT_OUTPUT_FILE_0}\"\n";
			showEnvVarsInLog = 0;
		};
		EF4CBAE8F5B70F91D2995451 /* [CP] Embed Pods Frameworks */ = {
			isa = PBXShellScriptBuildPhase;
			buildActionMask = 2147483647;
			files = (
			);
			inputPaths = (
				"${SRCROOT}/Pods/Target Support Files/Pods-CaltrainHelper/Pods-CaltrainHelper-frameworks.sh",
				"${BUILT_PRODUCTS_DIR}/Alamofire/Alamofire.framework",
				"${BUILT_PRODUCTS_DIR}/SwiftyJSON/SwiftyJSON.framework",
			);
			name = "[CP] Embed Pods Frameworks";
			outputPaths = (
				"${TARGET_BUILD_DIR}/${FRAMEWORKS_FOLDER_PATH}/Alamofire.framework",
				"${TARGET_BUILD_DIR}/${FRAMEWORKS_FOLDER_PATH}/SwiftyJSON.framework",
			);
			runOnlyForDeploymentPostprocessing = 0;
			shellPath = /bin/sh;
			shellScript = "\"${SRCROOT}/Pods/Target Support Files/Pods-CaltrainHelper/Pods-CaltrainHelper-frameworks.sh\"\n";
			showEnvVarsInLog = 0;
		};
/* End PBXShellScriptBuildPhase section */

/* Begin PBXSourcesBuildPhase section */
		6828A602218F4EC600E47DB9 /* Sources */ = {
			isa = PBXSourcesBuildPhase;
			buildActionMask = 2147483647;
			files = (
				6828A60C218F4EC700E47DB9 /* ViewController.swift in Sources */,
				6828A60A218F4EC700E47DB9 /* AppDelegate.swift in Sources */,
				6828A61D218F60D700E47DB9 /* CaltrainStation.swift in Sources */,
			);
			runOnlyForDeploymentPostprocessing = 0;
		};
/* End PBXSourcesBuildPhase section */

/* Begin PBXVariantGroup section */
		6828A60D218F4EC700E47DB9 /* Main.storyboard */ = {
			isa = PBXVariantGroup;
			children = (
				6828A60E218F4EC700E47DB9 /* Base */,
			);
			name = Main.storyboard;
			sourceTree = "<group>";
		};
		6828A612218F4EC700E47DB9 /* LaunchScreen.storyboard */ = {
			isa = PBXVariantGroup;
			children = (
				6828A613218F4EC700E47DB9 /* Base */,
			);
			name = LaunchScreen.storyboard;
			sourceTree = "<group>";
		};
/* End PBXVariantGroup section */

/* Begin XCBuildConfiguration section */
		6828A616218F4EC700E47DB9 /* Debug */ = {
			isa = XCBuildConfiguration;
			buildSettings = {
				ALWAYS_SEARCH_USER_PATHS = NO;
				CLANG_ANALYZER_NONNULL = YES;
				CLANG_CXX_LANGUAGE_STANDARD = "gnu++0x";
				CLANG_CXX_LIBRARY = "libc++";
				CLANG_ENABLE_MODULES = YES;
				CLANG_ENABLE_OBJC_ARC = YES;
				CLANG_WARN_BOOL_CONVERSION = YES;
				CLANG_WARN_CONSTANT_CONVERSION = YES;
				CLANG_WARN_DIRECT_OBJC_ISA_USAGE = YES_ERROR;
				CLANG_WARN_DOCUMENTATION_COMMENTS = YES;
				CLANG_WARN_EMPTY_BODY = YES;
				CLANG_WARN_ENUM_CONVERSION = YES;
				CLANG_WARN_INFINITE_RECURSION = YES;
				CLANG_WARN_INT_CONVERSION = YES;
				CLANG_WARN_OBJC_ROOT_CLASS = YES_ERROR;
				CLANG_WARN_SUSPICIOUS_MOVES = YES;
				CLANG_WARN_UNREACHABLE_CODE = YES;
				CLANG_WARN__DUPLICATE_METHOD_MATCH = YES;
				"CODE_SIGN_IDENTITY[sdk=iphoneos*]" = "iPhone Developer";
				COPY_PHASE_STRIP = NO;
				DEBUG_INFORMATION_FORMAT = dwarf;
				ENABLE_STRICT_OBJC_MSGSEND = YES;
				ENABLE_TESTABILITY = YES;
				GCC_C_LANGUAGE_STANDARD = gnu99;
				GCC_DYNAMIC_NO_PIC = NO;
				GCC_NO_COMMON_BLOCKS = YES;
				GCC_OPTIMIZATION_LEVEL = 0;
				GCC_PREPROCESSOR_DEFINITIONS = (
					"DEBUG=1",
					"$(inherited)",
				);
				GCC_WARN_64_TO_32_BIT_CONVERSION = YES;
				GCC_WARN_ABOUT_RETURN_TYPE = YES_ERROR;
				GCC_WARN_UNDECLARED_SELECTOR = YES;
				GCC_WARN_UNINITIALIZED_AUTOS = YES_AGGRESSIVE;
				GCC_WARN_UNUSED_FUNCTION = YES;
				GCC_WARN_UNUSED_VARIABLE = YES;
				IPHONEOS_DEPLOYMENT_TARGET = 10.0;
				MTL_ENABLE_DEBUG_INFO = YES;
				ONLY_ACTIVE_ARCH = YES;
				SDKROOT = iphoneos;
				SWIFT_ACTIVE_COMPILATION_CONDITIONS = DEBUG;
				SWIFT_OPTIMIZATION_LEVEL = "-Onone";
				TARGETED_DEVICE_FAMILY = "1,2";
			};
			name = Debug;
		};
		6828A617218F4EC700E47DB9 /* Release */ = {
			isa = XCBuildConfiguration;
			buildSettings = {
				ALWAYS_SEARCH_USER_PATHS = NO;
				CLANG_ANALYZER_NONNULL = YES;
				CLANG_CXX_LANGUAGE_STANDARD = "gnu++0x";
				CLANG_CXX_LIBRARY = "libc++";
				CLANG_ENABLE_MODULES = YES;
				CLANG_ENABLE_OBJC_ARC = YES;
				CLANG_WARN_BOOL_CONVERSION = YES;
				CLANG_WARN_CONSTANT_CONVERSION = YES;
				CLANG_WARN_DIRECT_OBJC_ISA_USAGE = YES_ERROR;
				CLANG_WARN_DOCUMENTATION_COMMENTS = YES;
				CLANG_WARN_EMPTY_BODY = YES;
				CLANG_WARN_ENUM_CONVERSION = YES;
				CLANG_WARN_INFINITE_RECURSION = YES;
				CLANG_WARN_INT_CONVERSION = YES;
				CLANG_WARN_OBJC_ROOT_CLASS = YES_ERROR;
				CLANG_WARN_SUSPICIOUS_MOVES = YES;
				CLANG_WARN_UNREACHABLE_CODE = YES;
				CLANG_WARN__DUPLICATE_METHOD_MATCH = YES;
				"CODE_SIGN_IDENTITY[sdk=iphoneos*]" = "iPhone Developer";
				COPY_PHASE_STRIP = NO;
				DEBUG_INFORMATION_FORMAT = "dwarf-with-dsym";
				ENABLE_NS_ASSERTIONS = NO;
				ENABLE_STRICT_OBJC_MSGSEND = YES;
				GCC_C_LANGUAGE_STANDARD = gnu99;
				GCC_NO_COMMON_BLOCKS = YES;
				GCC_WARN_64_TO_32_BIT_CONVERSION = YES;
				GCC_WARN_ABOUT_RETURN_TYPE = YES_ERROR;
				GCC_WARN_UNDECLARED_SELECTOR = YES;
				GCC_WARN_UNINITIALIZED_AUTOS = YES_AGGRESSIVE;
				GCC_WARN_UNUSED_FUNCTION = YES;
				GCC_WARN_UNUSED_VARIABLE = YES;
				IPHONEOS_DEPLOYMENT_TARGET = 10.0;
				MTL_ENABLE_DEBUG_INFO = NO;
				SDKROOT = iphoneos;
				SWIFT_OPTIMIZATION_LEVEL = "-Owholemodule";
				TARGETED_DEVICE_FAMILY = "1,2";
				VALIDATE_PRODUCT = YES;
			};
			name = Release;
		};
		6828A619218F4EC700E47DB9 /* Debug */ = {
			isa = XCBuildConfiguration;
			baseConfigurationReference = 18A4E5FF0894C55A32A0AA43 /* Pods-CaltrainHelper.debug.xcconfig */;
			buildSettings = {
				ASSETCATALOG_COMPILER_APPICON_NAME = AppIcon;
				DEVELOPMENT_TEAM = C9MB2KE645;
				INFOPLIST_FILE = CaltrainHelper/Info.plist;
				LD_RUNPATH_SEARCH_PATHS = "$(inherited) @executable_path/Frameworks";
				PRODUCT_BUNDLE_IDENTIFIER = swift.CaltrainHelper;
				PRODUCT_NAME = "$(TARGET_NAME)";
				SWIFT_VERSION = 3.0;
			};
			name = Debug;
		};
		6828A61A218F4EC700E47DB9 /* Release */ = {
			isa = XCBuildConfiguration;
			baseConfigurationReference = 77EDDEB4DD4FAE2D8F5FB53E /* Pods-CaltrainHelper.release.xcconfig */;
			buildSettings = {
				ASSETCATALOG_COMPILER_APPICON_NAME = AppIcon;
				DEVELOPMENT_TEAM = C9MB2KE645;
				INFOPLIST_FILE = CaltrainHelper/Info.plist;
				LD_RUNPATH_SEARCH_PATHS = "$(inherited) @executable_path/Frameworks";
				PRODUCT_BUNDLE_IDENTIFIER = swift.CaltrainHelper;
				PRODUCT_NAME = "$(TARGET_NAME)";
				SWIFT_VERSION = 3.0;
			};
			name = Release;
		};
/* End XCBuildConfiguration section */

/* Begin XCConfigurationList section */
		6828A601218F4EC600E47DB9 /* Build configuration list for PBXProject "CaltrainHelper" */ = {
			isa = XCConfigurationList;
			buildConfigurations = (
				6828A616218F4EC700E47DB9 /* Debug */,
				6828A617218F4EC700E47DB9 /* Release */,
			);
			defaultConfigurationIsVisible = 0;
			defaultConfigurationName = Release;
		};
		6828A618218F4EC700E47DB9 /* Build configuration list for PBXNativeTarget "CaltrainHelper" */ = {
			isa = XCConfigurationList;
			buildConfigurations = (
				6828A619218F4EC700E47DB9 /* Debug */,
				6828A61A218F4EC700E47DB9 /* Release */,
			);
			defaultConfigurationIsVisible = 0;
			defaultConfigurationName = Release;
		};
/* End XCConfigurationList section */
	};
	rootObject = 6828A5FE218F4EC600E47DB9 /* Project object */;
}
